// !$*UTF8*$!
{
	archiveVersion = 1;
	classes = {
	};
	objectVersion = 50;
	objects = {

/* Begin PBXBuildFile section */
		D3737BF22769C5FA0071222A /* UserInfoCellViewModel.swift in Sources */ = {isa = PBXBuildFile; fileRef = D3737BF12769C5FA0071222A /* UserInfoCellViewModel.swift */; };
		D3737BF42769C64D0071222A /* UserInfoCell.swift in Sources */ = {isa = PBXBuildFile; fileRef = D3737BF32769C64D0071222A /* UserInfoCell.swift */; };
		D3737BF62769D2790071222A /* TabBarViewController.swift in Sources */ = {isa = PBXBuildFile; fileRef = D3737BF52769D2790071222A /* TabBarViewController.swift */; };
		D3737BF82769DCA20071222A /* UserDetailViewModel.swift in Sources */ = {isa = PBXBuildFile; fileRef = D3737BF72769DCA20071222A /* UserDetailViewModel.swift */; };
		D3737BFA2769DD560071222A /* UserDetailModel.swift in Sources */ = {isa = PBXBuildFile; fileRef = D3737BF92769DD560071222A /* UserDetailModel.swift */; };
		D3737C05276A033D0071222A /* UserListViewModel.swift in Sources */ = {isa = PBXBuildFile; fileRef = D3737C04276A033D0071222A /* UserListViewModel.swift */; };
		D3737C0B276A04E40071222A /* MineInfoViewController.swift in Sources */ = {isa = PBXBuildFile; fileRef = D3737C0A276A04E40071222A /* MineInfoViewController.swift */; };
		D391A2352769BDFD00F934E5 /* AppDelegate.swift in Sources */ = {isa = PBXBuildFile; fileRef = D391A2342769BDFD00F934E5 /* AppDelegate.swift */; };
		D391A2372769BDFD00F934E5 /* SceneDelegate.swift in Sources */ = {isa = PBXBuildFile; fileRef = D391A2362769BDFD00F934E5 /* SceneDelegate.swift */; };
		D391A2392769BDFD00F934E5 /* UserListViewController.swift in Sources */ = {isa = PBXBuildFile; fileRef = D391A2382769BDFD00F934E5 /* UserListViewController.swift */; };
		D391A23C2769BDFD00F934E5 /* Main.storyboard in Resources */ = {isa = PBXBuildFile; fileRef = D391A23A2769BDFD00F934E5 /* Main.storyboard */; };
		D391A23E2769BE0800F934E5 /* Assets.xcassets in Resources */ = {isa = PBXBuildFile; fileRef = D391A23D2769BE0800F934E5 /* Assets.xcassets */; };
		D391A2412769BE0800F934E5 /* LaunchScreen.storyboard in Resources */ = {isa = PBXBuildFile; fileRef = D391A23F2769BE0800F934E5 /* LaunchScreen.storyboard */; };
		D391A2492769BF7100F934E5 /* UserInfoModel.swift in Sources */ = {isa = PBXBuildFile; fileRef = D391A2482769BF7100F934E5 /* UserInfoModel.swift */; };
/* End PBXBuildFile section */

/* Begin PBXFileReference section */
		D3737BF12769C5FA0071222A /* UserInfoCellViewModel.swift */ = {isa = PBXFileReference; lastKnownFileType = sourcecode.swift; path = UserInfoCellViewModel.swift; sourceTree = "<group>"; };
		D3737BF32769C64D0071222A /* UserInfoCell.swift */ = {isa = PBXFileReference; lastKnownFileType = sourcecode.swift; path = UserInfoCell.swift; sourceTree = "<group>"; };
		D3737BF52769D2790071222A /* TabBarViewController.swift */ = {isa = PBXFileReference; lastKnownFileType = sourcecode.swift; path = TabBarViewController.swift; sourceTree = "<group>"; };
		D3737BF72769DCA20071222A /* UserDetailViewModel.swift */ = {isa = PBXFileReference; lastKnownFileType = sourcecode.swift; path = UserDetailViewModel.swift; sourceTree = "<group>"; };
		D3737BF92769DD560071222A /* UserDetailModel.swift */ = {isa = PBXFileReference; lastKnownFileType = sourcecode.swift; path = UserDetailModel.swift; sourceTree = "<group>"; };
		D3737C04276A033D0071222A /* UserListViewModel.swift */ = {isa = PBXFileReference; lastKnownFileType = sourcecode.swift; path = UserListViewModel.swift; sourceTree = "<group>"; };
		D3737C0A276A04E40071222A /* MineInfoViewController.swift */ = {isa = PBXFileReference; lastKnownFileType = sourcecode.swift; path = MineInfoViewController.swift; sourceTree = "<group>"; };
		D391A2312769BDFD00F934E5 /* GitUserPratice.app */ = {isa = PBXFileReference; explicitFileType = wrapper.application; includeInIndex = 0; path = GitUserPratice.app; sourceTree = BUILT_PRODUCTS_DIR; };
		D391A2342769BDFD00F934E5 /* AppDelegate.swift */ = {isa = PBXFileReference; lastKnownFileType = sourcecode.swift; path = AppDelegate.swift; sourceTree = "<group>"; };
		D391A2362769BDFD00F934E5 /* SceneDelegate.swift */ = {isa = PBXFileReference; lastKnownFileType = sourcecode.swift; path = SceneDelegate.swift; sourceTree = "<group>"; };
		D391A2382769BDFD00F934E5 /* UserListViewController.swift */ = {isa = PBXFileReference; lastKnownFileType = sourcecode.swift; path = UserListViewController.swift; sourceTree = "<group>"; };
		D391A23B2769BDFD00F934E5 /* Base */ = {isa = PBXFileReference; lastKnownFileType = file.storyboard; name = Base; path = Base.lproj/Main.storyboard; sourceTree = "<group>"; };
		D391A23D2769BE0800F934E5 /* Assets.xcassets */ = {isa = PBXFileReference; lastKnownFileType = folder.assetcatalog; path = Assets.xcassets; sourceTree = "<group>"; };
		D391A2402769BE0800F934E5 /* Base */ = {isa = PBXFileReference; lastKnownFileType = file.storyboard; name = Base; path = Base.lproj/LaunchScreen.storyboard; sourceTree = "<group>"; };
		D391A2422769BE0800F934E5 /* Info.plist */ = {isa = PBXFileReference; lastKnownFileType = text.plist.xml; path = Info.plist; sourceTree = "<group>"; };
		D391A2482769BF7100F934E5 /* UserInfoModel.swift */ = {isa = PBXFileReference; lastKnownFileType = sourcecode.swift; path = UserInfoModel.swift; sourceTree = "<group>"; };
/* End PBXFileReference section */

/* Begin PBXFrameworksBuildPhase section */
		D391A22E2769BDFD00F934E5 /* Frameworks */ = {
			isa = PBXFrameworksBuildPhase;
			buildActionMask = 2147483647;
			files = (
			);
			runOnlyForDeploymentPostprocessing = 0;
		};
/* End PBXFrameworksBuildPhase section */

/* Begin PBXGroup section */
		D3737BFB276A01DE0071222A /* View */ = {
			isa = PBXGroup;
			children = (
				D391A2382769BDFD00F934E5 /* UserListViewController.swift */,
				D3737BF32769C64D0071222A /* UserInfoCell.swift */,
				D3737BF52769D2790071222A /* TabBarViewController.swift */,
				D3737C0A276A04E40071222A /* MineInfoViewController.swift */,
			);
			path = View;
			sourceTree = "<group>";
		};
		D3737BFC276A01F60071222A /* Model */ = {
			isa = PBXGroup;
			children = (
				D3737BF92769DD560071222A /* UserDetailModel.swift */,
				D391A2482769BF7100F934E5 /* UserInfoModel.swift */,
			);
			path = Model;
			sourceTree = "<group>";
		};
		D3737C03276A03280071222A /* ViewModel */ = {
			isa = PBXGroup;
			children = (
				D3737BF72769DCA20071222A /* UserDetailViewModel.swift */,
				D3737C04276A033D0071222A /* UserListViewModel.swift */,
				D3737BF12769C5FA0071222A /* UserInfoCellViewModel.swift */,
			);
			path = ViewModel;
			sourceTree = "<group>";
		};
		D391A2282769BDFD00F934E5 = {
			isa = PBXGroup;
			children = (
				D391A2332769BDFD00F934E5 /* GitUserPratice */,
				D391A2322769BDFD00F934E5 /* Products */,
			);
			sourceTree = "<group>";
		};
		D391A2322769BDFD00F934E5 /* Products */ = {
			isa = PBXGroup;
			children = (
				D391A2312769BDFD00F934E5 /* GitUserPratice.app */,
			);
			name = Products;
			sourceTree = "<group>";
		};
		D391A2332769BDFD00F934E5 /* GitUserPratice */ = {
			isa = PBXGroup;
			children = (
				D391A2342769BDFD00F934E5 /* AppDelegate.swift */,
				D391A2362769BDFD00F934E5 /* SceneDelegate.swift */,
				D391A23A2769BDFD00F934E5 /* Main.storyboard */,
				D3737C03276A03280071222A /* ViewModel */,
				D3737BFC276A01F60071222A /* Model */,
				D3737BFB276A01DE0071222A /* View */,
				D391A23D2769BE0800F934E5 /* Assets.xcassets */,
				D391A23F2769BE0800F934E5 /* LaunchScreen.storyboard */,
				D391A2422769BE0800F934E5 /* Info.plist */,
			);
			path = GitUserPratice;
			sourceTree = "<group>";
		};
/* End PBXGroup section */

/* Begin PBXNativeTarget section */
		D391A2302769BDFD00F934E5 /* GitUserPratice */ = {
			isa = PBXNativeTarget;
			buildConfigurationList = D391A2452769BE0800F934E5 /* Build configuration list for PBXNativeTarget "GitUserPratice" */;
			buildPhases = (
				D391A22D2769BDFD00F934E5 /* Sources */,
				D391A22E2769BDFD00F934E5 /* Frameworks */,
				D391A22F2769BDFD00F934E5 /* Resources */,
			);
			buildRules = (
			);
			dependencies = (
			);
			name = GitUserPratice;
			productName = GitUserPratice;
			productReference = D391A2312769BDFD00F934E5 /* GitUserPratice.app */;
			productType = "com.apple.product-type.application";
		};
/* End PBXNativeTarget section */

/* Begin PBXProject section */
		D391A2292769BDFD00F934E5 /* Project object */ = {
			isa = PBXProject;
			attributes = {
				LastSwiftUpdateCheck = 1250;
				LastUpgradeCheck = 1250;
				TargetAttributes = {
					D391A2302769BDFD00F934E5 = {
						CreatedOnToolsVersion = 12.5;
					};
				};
			};
			buildConfigurationList = D391A22C2769BDFD00F934E5 /* Build configuration list for PBXProject "GitUserPratice" */;
			compatibilityVersion = "Xcode 9.3";
			developmentRegion = en;
			hasScannedForEncodings = 0;
			knownRegions = (
				en,
				Base,
			);
			mainGroup = D391A2282769BDFD00F934E5;
			productRefGroup = D391A2322769BDFD00F934E5 /* Products */;
			projectDirPath = "";
			projectRoot = "";
			targets = (
				D391A2302769BDFD00F934E5 /* GitUserPratice */,
			);
		};
/* End PBXProject section */

/* Begin PBXResourcesBuildPhase section */
		D391A22F2769BDFD00F934E5 /* Resources */ = {
			isa = PBXResourcesBuildPhase;
			buildActionMask = 2147483647;
			files = (
				D391A2412769BE0800F934E5 /* LaunchScreen.storyboard in Resources */,
				D391A23E2769BE0800F934E5 /* Assets.xcassets in Resources */,
				D391A23C2769BDFD00F934E5 /* Main.storyboard in Resources */,
			);
			runOnlyForDeploymentPostprocessing = 0;
		};
/* End PBXResourcesBuildPhase section */

/* Begin PBXSourcesBuildPhase section */
		D391A22D2769BDFD00F934E5 /* Sources */ = {
			isa = PBXSourcesBuildPhase;
			buildActionMask = 2147483647;
			files = (
				D3737C0B276A04E40071222A /* MineInfoViewController.swift in Sources */,
				D3737BF82769DCA20071222A /* UserDetailViewModel.swift in Sources */,
				D3737C05276A033D0071222A /* UserListViewModel.swift in Sources */,
				D3737BF62769D2790071222A /* TabBarViewController.swift in Sources */,
				D391A2392769BDFD00F934E5 /* UserListViewController.swift in Sources */,
				D391A2352769BDFD00F934E5 /* AppDelegate.swift in Sources */,
				D391A2492769BF7100F934E5 /* UserInfoModel.swift in Sources */,
				D3737BF42769C64D0071222A /* UserInfoCell.swift in Sources */,
				D391A2372769BDFD00F934E5 /* SceneDelegate.swift in Sources */,
				D3737BFA2769DD560071222A /* UserDetailModel.swift in Sources */,
				D3737BF22769C5FA0071222A /* UserInfoCellViewModel.swift in Sources */,
			);
			runOnlyForDeploymentPostprocessing = 0;
		};
/* End PBXSourcesBuildPhase section */

/* Begin PBXVariantGroup section */
		D391A23A2769BDFD00F934E5 /* Main.storyboard */ = {
			isa = PBXVariantGroup;
			children = (
				D391A23B2769BDFD00F934E5 /* Base */,
			);
			name = Main.storyboard;
			sourceTree = "<group>";
		};
		D391A23F2769BE0800F934E5 /* LaunchScreen.storyboard */ = {
			isa = PBXVariantGroup;
			children = (
				D391A2402769BE0800F934E5 /* Base */,
			);
			name = LaunchScreen.storyboard;
			sourceTree = "<group>";
		};
/* End PBXVariantGroup section */

/* Begin XCBuildConfiguration section */
		D391A2432769BE0800F934E5 /* Debug */ = {
			isa = XCBuildConfiguration;
			buildSettings = {
				ALWAYS_SEARCH_USER_PATHS = NO;
				CLANG_ANALYZER_NONNULL = YES;
				CLANG_ANALYZER_NUMBER_OBJECT_CONVERSION = YES_AGGRESSIVE;
				CLANG_CXX_LANGUAGE_STANDARD = "gnu++14";
				CLANG_CXX_LIBRARY = "libc++";
				CLANG_ENABLE_MODULES = YES;
				CLANG_ENABLE_OBJC_ARC = YES;
				CLANG_ENABLE_OBJC_WEAK = YES;
				CLANG_WARN_BLOCK_CAPTURE_AUTORELEASING = YES;
				CLANG_WARN_BOOL_CONVERSION = YES;
				CLANG_WARN_COMMA = YES;
				CLANG_WARN_CONSTANT_CONVERSION = YES;
				CLANG_WARN_DEPRECATED_OBJC_IMPLEMENTATIONS = YES;
				CLANG_WARN_DIRECT_OBJC_ISA_USAGE = YES_ERROR;
				CLANG_WARN_DOCUMENTATION_COMMENTS = YES;
				CLANG_WARN_EMPTY_BODY = YES;
				CLANG_WARN_ENUM_CONVERSION = YES;
				CLANG_WARN_INFINITE_RECURSION = YES;
				CLANG_WARN_INT_CONVERSION = YES;
				CLANG_WARN_NON_LITERAL_NULL_CONVERSION = YES;
				CLANG_WARN_OBJC_IMPLICIT_RETAIN_SELF = YES;
				CLANG_WARN_OBJC_LITERAL_CONVERSION = YES;
				CLANG_WARN_OBJC_ROOT_CLASS = YES_ERROR;
				CLANG_WARN_QUOTED_INCLUDE_IN_FRAMEWORK_HEADER = YES;
				CLANG_WARN_RANGE_LOOP_ANALYSIS = YES;
				CLANG_WARN_STRICT_PROTOTYPES = YES;
				CLANG_WARN_SUSPICIOUS_MOVE = YES;
				CLANG_WARN_UNGUARDED_AVAILABILITY = YES_AGGRESSIVE;
				CLANG_WARN_UNREACHABLE_CODE = YES;
				CLANG_WARN__DUPLICATE_METHOD_MATCH = YES;
				COPY_PHASE_STRIP = NO;
				DEBUG_INFORMATION_FORMAT = dwarf;
				ENABLE_STRICT_OBJC_MSGSEND = YES;
				ENABLE_TESTABILITY = YES;
				GCC_C_LANGUAGE_STANDARD = gnu11;
				GCC_DYNAMIC_NO_PIC = NO;
				GCC_NO_COMMON_BLOCKS = YES;
				GCC_OPTIMIZATION_LEVEL = 0;
				GCC_PREPROCESSOR_DEFINITIONS = (
					"DEBUG=1",
					"$(inherited)",
				);
				GCC_WARN_64_TO_32_BIT_CONVERSION = YES;
				GCC_WARN_ABOUT_RETURN_TYPE = YES_ERROR;
				GCC_WARN_UNDECLARED_SELECTOR = YES;
				GCC_WARN_UNINITIALIZED_AUTOS = YES_AGGRESSIVE;
				GCC_WARN_UNUSED_FUNCTION = YES;
				GCC_WARN_UNUSED_VARIABLE = YES;
				IPHONEOS_DEPLOYMENT_TARGET = 14.5;
				MTL_ENABLE_DEBUG_INFO = INCLUDE_SOURCE;
				MTL_FAST_MATH = YES;
				ONLY_ACTIVE_ARCH = YES;
				SDKROOT = iphoneos;
				SWIFT_ACTIVE_COMPILATION_CONDITIONS = DEBUG;
				SWIFT_OPTIMIZATION_LEVEL = "-Onone";
			};
			name = Debug;
		};
		D391A2442769BE0800F934E5 /* Release */ = {
			isa = XCBuildConfiguration;
			buildSettings = {
				ALWAYS_SEARCH_USER_PATHS = NO;
				CLANG_ANALYZER_NONNULL = YES;
				CLANG_ANALYZER_NUMBER_OBJECT_CONVERSION = YES_AGGRESSIVE;
				CLANG_CXX_LANGUAGE_STANDARD = "gnu++14";
				CLANG_CXX_LIBRARY = "libc++";
				CLANG_ENABLE_MODULES = YES;
				CLANG_ENABLE_OBJC_ARC = YES;
				CLANG_ENABLE_OBJC_WEAK = YES;
				CLANG_WARN_BLOCK_CAPTURE_AUTORELEASING = YES;
				CLANG_WARN_BOOL_CONVERSION = YES;
				CLANG_WARN_COMMA = YES;
				CLANG_WARN_CONSTANT_CONVERSION = YES;
				CLANG_WARN_DEPRECATED_OBJC_IMPLEMENTATIONS = YES;
				CLANG_WARN_DIRECT_OBJC_ISA_USAGE = YES_ERROR;
				CLANG_WARN_DOCUMENTATION_COMMENTS = YES;
				CLANG_WARN_EMPTY_BODY = YES;
				CLANG_WARN_ENUM_CONVERSION = YES;
				CLANG_WARN_INFINITE_RECURSION = YES;
				CLANG_WARN_INT_CONVERSION = YES;
				CLANG_WARN_NON_LITERAL_NULL_CONVERSION = YES;
				CLANG_WARN_OBJC_IMPLICIT_RETAIN_SELF = YES;
				CLANG_WARN_OBJC_LITERAL_CONVERSION = YES;
				CLANG_WARN_OBJC_ROOT_CLASS = YES_ERROR;
				CLANG_WARN_QUOTED_INCLUDE_IN_FRAMEWORK_HEADER = YES;
				CLANG_WARN_RANGE_LOOP_ANALYSIS = YES;
				CLANG_WARN_STRICT_PROTOTYPES = YES;
				CLANG_WARN_SUSPICIOUS_MOVE = YES;
				CLANG_WARN_UNGUARDED_AVAILABILITY = YES_AGGRESSIVE;
				CLANG_WARN_UNREACHABLE_CODE = YES;
				CLANG_WARN__DUPLICATE_METHOD_MATCH = YES;
				COPY_PHASE_STRIP = NO;
				DEBUG_INFORMATION_FORMAT = "dwarf-with-dsym";
				ENABLE_NS_ASSERTIONS = NO;
				ENABLE_STRICT_OBJC_MSGSEND = YES;
				GCC_C_LANGUAGE_STANDARD = gnu11;
				GCC_NO_COMMON_BLOCKS = YES;
				GCC_WARN_64_TO_32_BIT_CONVERSION = YES;
				GCC_WARN_ABOUT_RETURN_TYPE = YES_ERROR;
				GCC_WARN_UNDECLARED_SELECTOR = YES;
				GCC_WARN_UNINITIALIZED_AUTOS = YES_AGGRESSIVE;
				GCC_WARN_UNUSED_FUNCTION = YES;
				GCC_WARN_UNUSED_VARIABLE = YES;
				IPHONEOS_DEPLOYMENT_TARGET = 14.5;
				MTL_ENABLE_DEBUG_INFO = NO;
				MTL_FAST_MATH = YES;
				SDKROOT = iphoneos;
				SWIFT_COMPILATION_MODE = wholemodule;
				SWIFT_OPTIMIZATION_LEVEL = "-O";
				VALIDATE_PRODUCT = YES;
			};
			name = Release;
		};
		D391A2462769BE0800F934E5 /* Debug */ = {
			isa = XCBuildConfiguration;
			buildSettings = {
				ASSETCATALOG_COMPILER_APPICON_NAME = AppIcon;
				ASSETCATALOG_COMPILER_GLOBAL_ACCENT_COLOR_NAME = AccentColor;
				CODE_SIGN_STYLE = Automatic;
				DEVELOPMENT_TEAM = SA6YWU7UZW;
				INFOPLIST_FILE = GitUserPratice/Info.plist;
				LD_RUNPATH_SEARCH_PATHS = (
					"$(inherited)",
					"@executable_path/Frameworks",
				);
				PRODUCT_BUNDLE_IDENTIFIER = brian.GitUserPratice;
				PRODUCT_NAME = "$(TARGET_NAME)";
				SWIFT_VERSION = 5.0;
				TARGETED_DEVICE_FAMILY = "1,2";
			};
			name = Debug;
		};
		D391A2472769BE0800F934E5 /* Release */ = {
			isa = XCBuildConfiguration;
			buildSettings = {
				ASSETCATALOG_COMPILER_APPICON_NAME = AppIcon;
				ASSETCATALOG_COMPILER_GLOBAL_ACCENT_COLOR_NAME = AccentColor;
				CODE_SIGN_STYLE = Automatic;
				DEVELOPMENT_TEAM = SA6YWU7UZW;
				INFOPLIST_FILE = GitUserPratice/Info.plist;
				LD_RUNPATH_SEARCH_PATHS = (
					"$(inherited)",
					"@executable_path/Frameworks",
				);
				PRODUCT_BUNDLE_IDENTIFIER = brian.GitUserPratice;
				PRODUCT_NAME = "$(TARGET_NAME)";
				SWIFT_VERSION = 5.0;
				TARGETED_DEVICE_FAMILY = "1,2";
			};
			name = Release;
		};
/* End XCBuildConfiguration section */

/* Begin XCConfigurationList section */
		D391A22C2769BDFD00F934E5 /* Build configuration list for PBXProject "GitUserPratice" */ = {
			isa = XCConfigurationList;
			buildConfigurations = (
				D391A2432769BE0800F934E5 /* Debug */,
				D391A2442769BE0800F934E5 /* Release */,
			);
			defaultConfigurationIsVisible = 0;
			defaultConfigurationName = Release;
		};
		D391A2452769BE0800F934E5 /* Build configuration list for PBXNativeTarget "GitUserPratice" */ = {
			isa = XCConfigurationList;
			buildConfigurations = (
				D391A2462769BE0800F934E5 /* Debug */,
				D391A2472769BE0800F934E5 /* Release */,
			);
			defaultConfigurationIsVisible = 0;
			defaultConfigurationName = Release;
		};
/* End XCConfigurationList section */
	};
	rootObject = D391A2292769BDFD00F934E5 /* Project object */;
}
